
Microsoft Visual Studio Solution File, Format Version 12.00
# Visual Studio Version 16
VisualStudioVersion = 16.0.32901.82
MinimumVisualStudioVersion = 10.0.40219.1
Project("{FAE04EC0-301F-11D3-BF4B-00C04F79EFBC}") = "API", "filrougeactivite3\API.csproj", "{A8243590-70D5-4F52-9D4C-1EFA3C7E1D57}"
EndProject
Global
	GlobalSection(SolutionConfigurationPlatforms) = preSolution
		Debug|Any CPU = Debug|Any CPU
		Release|Any CPU = Release|Any CPU
	EndGlobalSection
	GlobalSection(ProjectConfigurationPlatforms) = postSolution
		{A8243590-70D5-4F52-9D4C-1EFA3C7E1D57}.Debug|Any CPU.ActiveCfg = Debug|Any CPU
		{A8243590-70D5-4F52-9D4C-1EFA3C7E1D57}.Debug|Any CPU.Build.0 = Debug|Any CPU
		{A8243590-70D5-4F52-9D4C-1EFA3C7E1D57}.Release|Any CPU.ActiveCfg = Release|Any CPU
		{A8243590-70D5-4F52-9D4C-1EFA3C7E1D57}.Release|Any CPU.Build.0 = Release|Any CPU
	EndGlobalSection
	GlobalSection(SolutionProperties) = preSolution
		HideSolutionNode = FALSE
	EndGlobalSection
	GlobalSection(ExtensibilityGlobals) = postSolution
		SolutionGuid = {944AF6E1-56B7-4529-9503-B0357AD7BE63}
	EndGlobalSection
EndGlobal
