
Microsoft Visual Studio Solution File, Format Version 12.00
# Visual Studio Version 16
VisualStudioVersion = 16.0.32901.82
MinimumVisualStudioVersion = 10.0.40219.1
Project("{9A19103F-16F7-4668-BE54-9A1E7A4F7556}") = "API", "filrougeactivite3\API.csproj", "{A8243590-70D5-4F52-9D4C-1EFA3C7E1D57}"
EndProject
Project("{9A19103F-16F7-4668-BE54-9A1E7A4F7556}") = "Domain", "Domain\Domain.csproj", "{9B6B820C-80DB-4E46-87D5-D633FE786CA2}"
EndProject
Project("{9A19103F-16F7-4668-BE54-9A1E7A4F7556}") = "BLLS", "BLLS\BLLS.csproj", "{BC82AA7C-1582-4181-994C-4E2BA04CF384}"
EndProject
Project("{9A19103F-16F7-4668-BE54-9A1E7A4F7556}") = "DAL", "DAL\DAL.csproj", "{739749DD-3455-44E4-ACD0-2F3206F47CC1}"
EndProject
Project("{9A19103F-16F7-4668-BE54-9A1E7A4F7556}") = "UnitTest", "UnitTest\UnitTest.csproj", "{7373E449-848F-483D-BFB3-2069FC53A10B}"
EndProject
Project("{9A19103F-16F7-4668-BE54-9A1E7A4F7556}") = "IntegrationTest", "IntegrationTest\IntegrationTest.csproj", "{BB10DBDF-C512-4440-BABA-D9C19BDBBBAD}"
EndProject
Project("{9A19103F-16F7-4668-BE54-9A1E7A4F7556}") = "DocFx", "DocFx\DocFx.csproj", "{0A15DD00-084C-46D2-A608-53DD7E97253B}"
EndProject
Project("{9A19103F-16F7-4668-BE54-9A1E7A4F7556}") = "WinForms", "WinForms\WinForms.csproj", "{C3FC75DA-3A22-419D-8160-75284A5EFEFE}"
EndProject
Project("{FAE04EC0-301F-11D3-BF4B-00C04F79EFBC}") = "2isaForumAppMobile", "2isaForumAppMobile\2isaForumAppMobile.csproj", "{1A863D6C-55A7-4412-8141-1B124CD209BA}"
EndProject
Global
	GlobalSection(SolutionConfigurationPlatforms) = preSolution
		Debug|Any CPU = Debug|Any CPU
		Debug|ARM = Debug|ARM
		Debug|ARM64 = Debug|ARM64
		Debug|x64 = Debug|x64
		Debug|x86 = Debug|x86
		Release|Any CPU = Release|Any CPU
		Release|ARM = Release|ARM
		Release|ARM64 = Release|ARM64
		Release|x64 = Release|x64
		Release|x86 = Release|x86
	EndGlobalSection
	GlobalSection(ProjectConfigurationPlatforms) = postSolution
		{A8243590-70D5-4F52-9D4C-1EFA3C7E1D57}.Debug|Any CPU.ActiveCfg = Debug|Any CPU
		{A8243590-70D5-4F52-9D4C-1EFA3C7E1D57}.Debug|Any CPU.Build.0 = Debug|Any CPU
		{A8243590-70D5-4F52-9D4C-1EFA3C7E1D57}.Debug|ARM.ActiveCfg = Debug|Any CPU
		{A8243590-70D5-4F52-9D4C-1EFA3C7E1D57}.Debug|ARM.Build.0 = Debug|Any CPU
		{A8243590-70D5-4F52-9D4C-1EFA3C7E1D57}.Debug|ARM64.ActiveCfg = Debug|Any CPU
		{A8243590-70D5-4F52-9D4C-1EFA3C7E1D57}.Debug|ARM64.Build.0 = Debug|Any CPU
		{A8243590-70D5-4F52-9D4C-1EFA3C7E1D57}.Debug|x64.ActiveCfg = Debug|Any CPU
		{A8243590-70D5-4F52-9D4C-1EFA3C7E1D57}.Debug|x64.Build.0 = Debug|Any CPU
		{A8243590-70D5-4F52-9D4C-1EFA3C7E1D57}.Debug|x86.ActiveCfg = Debug|Any CPU
		{A8243590-70D5-4F52-9D4C-1EFA3C7E1D57}.Debug|x86.Build.0 = Debug|Any CPU
		{A8243590-70D5-4F52-9D4C-1EFA3C7E1D57}.Release|Any CPU.ActiveCfg = Release|Any CPU
		{A8243590-70D5-4F52-9D4C-1EFA3C7E1D57}.Release|Any CPU.Build.0 = Release|Any CPU
		{A8243590-70D5-4F52-9D4C-1EFA3C7E1D57}.Release|ARM.ActiveCfg = Release|Any CPU
		{A8243590-70D5-4F52-9D4C-1EFA3C7E1D57}.Release|ARM.Build.0 = Release|Any CPU
		{A8243590-70D5-4F52-9D4C-1EFA3C7E1D57}.Release|ARM64.ActiveCfg = Release|Any CPU
		{A8243590-70D5-4F52-9D4C-1EFA3C7E1D57}.Release|ARM64.Build.0 = Release|Any CPU
		{A8243590-70D5-4F52-9D4C-1EFA3C7E1D57}.Release|x64.ActiveCfg = Release|Any CPU
		{A8243590-70D5-4F52-9D4C-1EFA3C7E1D57}.Release|x64.Build.0 = Release|Any CPU
		{A8243590-70D5-4F52-9D4C-1EFA3C7E1D57}.Release|x86.ActiveCfg = Release|Any CPU
		{A8243590-70D5-4F52-9D4C-1EFA3C7E1D57}.Release|x86.Build.0 = Release|Any CPU
		{9B6B820C-80DB-4E46-87D5-D633FE786CA2}.Debug|Any CPU.ActiveCfg = Debug|Any CPU
		{9B6B820C-80DB-4E46-87D5-D633FE786CA2}.Debug|Any CPU.Build.0 = Debug|Any CPU
		{9B6B820C-80DB-4E46-87D5-D633FE786CA2}.Debug|ARM.ActiveCfg = Debug|Any CPU
		{9B6B820C-80DB-4E46-87D5-D633FE786CA2}.Debug|ARM.Build.0 = Debug|Any CPU
		{9B6B820C-80DB-4E46-87D5-D633FE786CA2}.Debug|ARM64.ActiveCfg = Debug|Any CPU
		{9B6B820C-80DB-4E46-87D5-D633FE786CA2}.Debug|ARM64.Build.0 = Debug|Any CPU
		{9B6B820C-80DB-4E46-87D5-D633FE786CA2}.Debug|x64.ActiveCfg = Debug|Any CPU
		{9B6B820C-80DB-4E46-87D5-D633FE786CA2}.Debug|x64.Build.0 = Debug|Any CPU
		{9B6B820C-80DB-4E46-87D5-D633FE786CA2}.Debug|x86.ActiveCfg = Debug|Any CPU
		{9B6B820C-80DB-4E46-87D5-D633FE786CA2}.Debug|x86.Build.0 = Debug|Any CPU
		{9B6B820C-80DB-4E46-87D5-D633FE786CA2}.Release|Any CPU.ActiveCfg = Release|Any CPU
		{9B6B820C-80DB-4E46-87D5-D633FE786CA2}.Release|Any CPU.Build.0 = Release|Any CPU
		{9B6B820C-80DB-4E46-87D5-D633FE786CA2}.Release|ARM.ActiveCfg = Release|Any CPU
		{9B6B820C-80DB-4E46-87D5-D633FE786CA2}.Release|ARM.Build.0 = Release|Any CPU
		{9B6B820C-80DB-4E46-87D5-D633FE786CA2}.Release|ARM64.ActiveCfg = Release|Any CPU
		{9B6B820C-80DB-4E46-87D5-D633FE786CA2}.Release|ARM64.Build.0 = Release|Any CPU
		{9B6B820C-80DB-4E46-87D5-D633FE786CA2}.Release|x64.ActiveCfg = Release|Any CPU
		{9B6B820C-80DB-4E46-87D5-D633FE786CA2}.Release|x64.Build.0 = Release|Any CPU
		{9B6B820C-80DB-4E46-87D5-D633FE786CA2}.Release|x86.ActiveCfg = Release|Any CPU
		{9B6B820C-80DB-4E46-87D5-D633FE786CA2}.Release|x86.Build.0 = Release|Any CPU
		{BC82AA7C-1582-4181-994C-4E2BA04CF384}.Debug|Any CPU.ActiveCfg = Debug|Any CPU
		{BC82AA7C-1582-4181-994C-4E2BA04CF384}.Debug|Any CPU.Build.0 = Debug|Any CPU
		{BC82AA7C-1582-4181-994C-4E2BA04CF384}.Debug|ARM.ActiveCfg = Debug|Any CPU
		{BC82AA7C-1582-4181-994C-4E2BA04CF384}.Debug|ARM.Build.0 = Debug|Any CPU
		{BC82AA7C-1582-4181-994C-4E2BA04CF384}.Debug|ARM64.ActiveCfg = Debug|Any CPU
		{BC82AA7C-1582-4181-994C-4E2BA04CF384}.Debug|ARM64.Build.0 = Debug|Any CPU
		{BC82AA7C-1582-4181-994C-4E2BA04CF384}.Debug|x64.ActiveCfg = Debug|Any CPU
		{BC82AA7C-1582-4181-994C-4E2BA04CF384}.Debug|x64.Build.0 = Debug|Any CPU
		{BC82AA7C-1582-4181-994C-4E2BA04CF384}.Debug|x86.ActiveCfg = Debug|Any CPU
		{BC82AA7C-1582-4181-994C-4E2BA04CF384}.Debug|x86.Build.0 = Debug|Any CPU
		{BC82AA7C-1582-4181-994C-4E2BA04CF384}.Release|Any CPU.ActiveCfg = Release|Any CPU
		{BC82AA7C-1582-4181-994C-4E2BA04CF384}.Release|Any CPU.Build.0 = Release|Any CPU
		{BC82AA7C-1582-4181-994C-4E2BA04CF384}.Release|ARM.ActiveCfg = Release|Any CPU
		{BC82AA7C-1582-4181-994C-4E2BA04CF384}.Release|ARM.Build.0 = Release|Any CPU
		{BC82AA7C-1582-4181-994C-4E2BA04CF384}.Release|ARM64.ActiveCfg = Release|Any CPU
		{BC82AA7C-1582-4181-994C-4E2BA04CF384}.Release|ARM64.Build.0 = Release|Any CPU
		{BC82AA7C-1582-4181-994C-4E2BA04CF384}.Release|x64.ActiveCfg = Release|Any CPU
		{BC82AA7C-1582-4181-994C-4E2BA04CF384}.Release|x64.Build.0 = Release|Any CPU
		{BC82AA7C-1582-4181-994C-4E2BA04CF384}.Release|x86.ActiveCfg = Release|Any CPU
		{BC82AA7C-1582-4181-994C-4E2BA04CF384}.Release|x86.Build.0 = Release|Any CPU
		{739749DD-3455-44E4-ACD0-2F3206F47CC1}.Debug|Any CPU.ActiveCfg = Debug|Any CPU
		{739749DD-3455-44E4-ACD0-2F3206F47CC1}.Debug|Any CPU.Build.0 = Debug|Any CPU
		{739749DD-3455-44E4-ACD0-2F3206F47CC1}.Debug|ARM.ActiveCfg = Debug|Any CPU
		{739749DD-3455-44E4-ACD0-2F3206F47CC1}.Debug|ARM.Build.0 = Debug|Any CPU
		{739749DD-3455-44E4-ACD0-2F3206F47CC1}.Debug|ARM64.ActiveCfg = Debug|Any CPU
		{739749DD-3455-44E4-ACD0-2F3206F47CC1}.Debug|ARM64.Build.0 = Debug|Any CPU
		{739749DD-3455-44E4-ACD0-2F3206F47CC1}.Debug|x64.ActiveCfg = Debug|Any CPU
		{739749DD-3455-44E4-ACD0-2F3206F47CC1}.Debug|x64.Build.0 = Debug|Any CPU
		{739749DD-3455-44E4-ACD0-2F3206F47CC1}.Debug|x86.ActiveCfg = Debug|Any CPU
		{739749DD-3455-44E4-ACD0-2F3206F47CC1}.Debug|x86.Build.0 = Debug|Any CPU
		{739749DD-3455-44E4-ACD0-2F3206F47CC1}.Release|Any CPU.ActiveCfg = Release|Any CPU
		{739749DD-3455-44E4-ACD0-2F3206F47CC1}.Release|Any CPU.Build.0 = Release|Any CPU
		{739749DD-3455-44E4-ACD0-2F3206F47CC1}.Release|ARM.ActiveCfg = Release|Any CPU
		{739749DD-3455-44E4-ACD0-2F3206F47CC1}.Release|ARM.Build.0 = Release|Any CPU
		{739749DD-3455-44E4-ACD0-2F3206F47CC1}.Release|ARM64.ActiveCfg = Release|Any CPU
		{739749DD-3455-44E4-ACD0-2F3206F47CC1}.Release|ARM64.Build.0 = Release|Any CPU
		{739749DD-3455-44E4-ACD0-2F3206F47CC1}.Release|x64.ActiveCfg = Release|Any CPU
		{739749DD-3455-44E4-ACD0-2F3206F47CC1}.Release|x64.Build.0 = Release|Any CPU
		{739749DD-3455-44E4-ACD0-2F3206F47CC1}.Release|x86.ActiveCfg = Release|Any CPU
		{739749DD-3455-44E4-ACD0-2F3206F47CC1}.Release|x86.Build.0 = Release|Any CPU
		{7373E449-848F-483D-BFB3-2069FC53A10B}.Debug|Any CPU.ActiveCfg = Debug|Any CPU
		{7373E449-848F-483D-BFB3-2069FC53A10B}.Debug|Any CPU.Build.0 = Debug|Any CPU
		{7373E449-848F-483D-BFB3-2069FC53A10B}.Debug|ARM.ActiveCfg = Debug|Any CPU
		{7373E449-848F-483D-BFB3-2069FC53A10B}.Debug|ARM.Build.0 = Debug|Any CPU
		{7373E449-848F-483D-BFB3-2069FC53A10B}.Debug|ARM64.ActiveCfg = Debug|Any CPU
		{7373E449-848F-483D-BFB3-2069FC53A10B}.Debug|ARM64.Build.0 = Debug|Any CPU
		{7373E449-848F-483D-BFB3-2069FC53A10B}.Debug|x64.ActiveCfg = Debug|Any CPU
		{7373E449-848F-483D-BFB3-2069FC53A10B}.Debug|x64.Build.0 = Debug|Any CPU
		{7373E449-848F-483D-BFB3-2069FC53A10B}.Debug|x86.ActiveCfg = Debug|Any CPU
		{7373E449-848F-483D-BFB3-2069FC53A10B}.Debug|x86.Build.0 = Debug|Any CPU
		{7373E449-848F-483D-BFB3-2069FC53A10B}.Release|Any CPU.ActiveCfg = Release|Any CPU
		{7373E449-848F-483D-BFB3-2069FC53A10B}.Release|Any CPU.Build.0 = Release|Any CPU
		{7373E449-848F-483D-BFB3-2069FC53A10B}.Release|ARM.ActiveCfg = Release|Any CPU
		{7373E449-848F-483D-BFB3-2069FC53A10B}.Release|ARM.Build.0 = Release|Any CPU
		{7373E449-848F-483D-BFB3-2069FC53A10B}.Release|ARM64.ActiveCfg = Release|Any CPU
		{7373E449-848F-483D-BFB3-2069FC53A10B}.Release|ARM64.Build.0 = Release|Any CPU
		{7373E449-848F-483D-BFB3-2069FC53A10B}.Release|x64.ActiveCfg = Release|Any CPU
		{7373E449-848F-483D-BFB3-2069FC53A10B}.Release|x64.Build.0 = Release|Any CPU
		{7373E449-848F-483D-BFB3-2069FC53A10B}.Release|x86.ActiveCfg = Release|Any CPU
		{7373E449-848F-483D-BFB3-2069FC53A10B}.Release|x86.Build.0 = Release|Any CPU
		{BB10DBDF-C512-4440-BABA-D9C19BDBBBAD}.Debug|Any CPU.ActiveCfg = Debug|Any CPU
		{BB10DBDF-C512-4440-BABA-D9C19BDBBBAD}.Debug|Any CPU.Build.0 = Debug|Any CPU
		{BB10DBDF-C512-4440-BABA-D9C19BDBBBAD}.Debug|ARM.ActiveCfg = Debug|Any CPU
		{BB10DBDF-C512-4440-BABA-D9C19BDBBBAD}.Debug|ARM.Build.0 = Debug|Any CPU
		{BB10DBDF-C512-4440-BABA-D9C19BDBBBAD}.Debug|ARM64.ActiveCfg = Debug|Any CPU
		{BB10DBDF-C512-4440-BABA-D9C19BDBBBAD}.Debug|ARM64.Build.0 = Debug|Any CPU
		{BB10DBDF-C512-4440-BABA-D9C19BDBBBAD}.Debug|x64.ActiveCfg = Debug|Any CPU
		{BB10DBDF-C512-4440-BABA-D9C19BDBBBAD}.Debug|x64.Build.0 = Debug|Any CPU
		{BB10DBDF-C512-4440-BABA-D9C19BDBBBAD}.Debug|x86.ActiveCfg = Debug|Any CPU
		{BB10DBDF-C512-4440-BABA-D9C19BDBBBAD}.Debug|x86.Build.0 = Debug|Any CPU
		{BB10DBDF-C512-4440-BABA-D9C19BDBBBAD}.Release|Any CPU.ActiveCfg = Release|Any CPU
		{BB10DBDF-C512-4440-BABA-D9C19BDBBBAD}.Release|Any CPU.Build.0 = Release|Any CPU
		{BB10DBDF-C512-4440-BABA-D9C19BDBBBAD}.Release|ARM.ActiveCfg = Release|Any CPU
		{BB10DBDF-C512-4440-BABA-D9C19BDBBBAD}.Release|ARM.Build.0 = Release|Any CPU
		{BB10DBDF-C512-4440-BABA-D9C19BDBBBAD}.Release|ARM64.ActiveCfg = Release|Any CPU
		{BB10DBDF-C512-4440-BABA-D9C19BDBBBAD}.Release|ARM64.Build.0 = Release|Any CPU
		{BB10DBDF-C512-4440-BABA-D9C19BDBBBAD}.Release|x64.ActiveCfg = Release|Any CPU
		{BB10DBDF-C512-4440-BABA-D9C19BDBBBAD}.Release|x64.Build.0 = Release|Any CPU
		{BB10DBDF-C512-4440-BABA-D9C19BDBBBAD}.Release|x86.ActiveCfg = Release|Any CPU
		{BB10DBDF-C512-4440-BABA-D9C19BDBBBAD}.Release|x86.Build.0 = Release|Any CPU
		{0A15DD00-084C-46D2-A608-53DD7E97253B}.Debug|Any CPU.ActiveCfg = Debug|Any CPU
		{0A15DD00-084C-46D2-A608-53DD7E97253B}.Debug|Any CPU.Build.0 = Debug|Any CPU
		{0A15DD00-084C-46D2-A608-53DD7E97253B}.Debug|ARM.ActiveCfg = Debug|Any CPU
		{0A15DD00-084C-46D2-A608-53DD7E97253B}.Debug|ARM.Build.0 = Debug|Any CPU
		{0A15DD00-084C-46D2-A608-53DD7E97253B}.Debug|ARM64.ActiveCfg = Debug|Any CPU
		{0A15DD00-084C-46D2-A608-53DD7E97253B}.Debug|ARM64.Build.0 = Debug|Any CPU
		{0A15DD00-084C-46D2-A608-53DD7E97253B}.Debug|x64.ActiveCfg = Debug|Any CPU
		{0A15DD00-084C-46D2-A608-53DD7E97253B}.Debug|x64.Build.0 = Debug|Any CPU
		{0A15DD00-084C-46D2-A608-53DD7E97253B}.Debug|x86.ActiveCfg = Debug|Any CPU
		{0A15DD00-084C-46D2-A608-53DD7E97253B}.Debug|x86.Build.0 = Debug|Any CPU
		{0A15DD00-084C-46D2-A608-53DD7E97253B}.Release|Any CPU.ActiveCfg = Release|Any CPU
		{0A15DD00-084C-46D2-A608-53DD7E97253B}.Release|Any CPU.Build.0 = Release|Any CPU
		{0A15DD00-084C-46D2-A608-53DD7E97253B}.Release|ARM.ActiveCfg = Release|Any CPU
		{0A15DD00-084C-46D2-A608-53DD7E97253B}.Release|ARM.Build.0 = Release|Any CPU
		{0A15DD00-084C-46D2-A608-53DD7E97253B}.Release|ARM64.ActiveCfg = Release|Any CPU
		{0A15DD00-084C-46D2-A608-53DD7E97253B}.Release|ARM64.Build.0 = Release|Any CPU
		{0A15DD00-084C-46D2-A608-53DD7E97253B}.Release|x64.ActiveCfg = Release|Any CPU
		{0A15DD00-084C-46D2-A608-53DD7E97253B}.Release|x64.Build.0 = Release|Any CPU
		{0A15DD00-084C-46D2-A608-53DD7E97253B}.Release|x86.ActiveCfg = Release|Any CPU
		{0A15DD00-084C-46D2-A608-53DD7E97253B}.Release|x86.Build.0 = Release|Any CPU
		{C3FC75DA-3A22-419D-8160-75284A5EFEFE}.Debug|Any CPU.ActiveCfg = Debug|Any CPU
		{C3FC75DA-3A22-419D-8160-75284A5EFEFE}.Debug|Any CPU.Build.0 = Debug|Any CPU
		{C3FC75DA-3A22-419D-8160-75284A5EFEFE}.Debug|ARM.ActiveCfg = Debug|Any CPU
		{C3FC75DA-3A22-419D-8160-75284A5EFEFE}.Debug|ARM.Build.0 = Debug|Any CPU
		{C3FC75DA-3A22-419D-8160-75284A5EFEFE}.Debug|ARM64.ActiveCfg = Debug|Any CPU
		{C3FC75DA-3A22-419D-8160-75284A5EFEFE}.Debug|ARM64.Build.0 = Debug|Any CPU
		{C3FC75DA-3A22-419D-8160-75284A5EFEFE}.Debug|x64.ActiveCfg = Debug|Any CPU
		{C3FC75DA-3A22-419D-8160-75284A5EFEFE}.Debug|x64.Build.0 = Debug|Any CPU
		{C3FC75DA-3A22-419D-8160-75284A5EFEFE}.Debug|x86.ActiveCfg = Debug|Any CPU
		{C3FC75DA-3A22-419D-8160-75284A5EFEFE}.Debug|x86.Build.0 = Debug|Any CPU
		{C3FC75DA-3A22-419D-8160-75284A5EFEFE}.Release|Any CPU.ActiveCfg = Release|Any CPU
		{C3FC75DA-3A22-419D-8160-75284A5EFEFE}.Release|Any CPU.Build.0 = Release|Any CPU
		{C3FC75DA-3A22-419D-8160-75284A5EFEFE}.Release|ARM.ActiveCfg = Release|Any CPU
		{C3FC75DA-3A22-419D-8160-75284A5EFEFE}.Release|ARM.Build.0 = Release|Any CPU
		{C3FC75DA-3A22-419D-8160-75284A5EFEFE}.Release|ARM64.ActiveCfg = Release|Any CPU
		{C3FC75DA-3A22-419D-8160-75284A5EFEFE}.Release|ARM64.Build.0 = Release|Any CPU
		{C3FC75DA-3A22-419D-8160-75284A5EFEFE}.Release|x64.ActiveCfg = Release|Any CPU
		{C3FC75DA-3A22-419D-8160-75284A5EFEFE}.Release|x64.Build.0 = Release|Any CPU
		{C3FC75DA-3A22-419D-8160-75284A5EFEFE}.Release|x86.ActiveCfg = Release|Any CPU
		{C3FC75DA-3A22-419D-8160-75284A5EFEFE}.Release|x86.Build.0 = Release|Any CPU
		{1A863D6C-55A7-4412-8141-1B124CD209BA}.Debug|Any CPU.ActiveCfg = Debug|x86
		{1A863D6C-55A7-4412-8141-1B124CD209BA}.Debug|ARM.ActiveCfg = Debug|ARM
		{1A863D6C-55A7-4412-8141-1B124CD209BA}.Debug|ARM.Build.0 = Debug|ARM
		{1A863D6C-55A7-4412-8141-1B124CD209BA}.Debug|ARM.Deploy.0 = Debug|ARM
		{1A863D6C-55A7-4412-8141-1B124CD209BA}.Debug|ARM64.ActiveCfg = Debug|ARM64
		{1A863D6C-55A7-4412-8141-1B124CD209BA}.Debug|ARM64.Build.0 = Debug|ARM64
		{1A863D6C-55A7-4412-8141-1B124CD209BA}.Debug|ARM64.Deploy.0 = Debug|ARM64
		{1A863D6C-55A7-4412-8141-1B124CD209BA}.Debug|x64.ActiveCfg = Debug|x64
		{1A863D6C-55A7-4412-8141-1B124CD209BA}.Debug|x64.Build.0 = Debug|x64
		{1A863D6C-55A7-4412-8141-1B124CD209BA}.Debug|x64.Deploy.0 = Debug|x64
		{1A863D6C-55A7-4412-8141-1B124CD209BA}.Debug|x86.ActiveCfg = Debug|x86
		{1A863D6C-55A7-4412-8141-1B124CD209BA}.Debug|x86.Build.0 = Debug|x86
		{1A863D6C-55A7-4412-8141-1B124CD209BA}.Debug|x86.Deploy.0 = Debug|x86
		{1A863D6C-55A7-4412-8141-1B124CD209BA}.Release|Any CPU.ActiveCfg = Release|x86
		{1A863D6C-55A7-4412-8141-1B124CD209BA}.Release|ARM.ActiveCfg = Release|ARM
		{1A863D6C-55A7-4412-8141-1B124CD209BA}.Release|ARM.Build.0 = Release|ARM
		{1A863D6C-55A7-4412-8141-1B124CD209BA}.Release|ARM.Deploy.0 = Release|ARM
		{1A863D6C-55A7-4412-8141-1B124CD209BA}.Release|ARM64.ActiveCfg = Release|ARM64
		{1A863D6C-55A7-4412-8141-1B124CD209BA}.Release|ARM64.Build.0 = Release|ARM64
		{1A863D6C-55A7-4412-8141-1B124CD209BA}.Release|ARM64.Deploy.0 = Release|ARM64
		{1A863D6C-55A7-4412-8141-1B124CD209BA}.Release|x64.ActiveCfg = Release|x64
		{1A863D6C-55A7-4412-8141-1B124CD209BA}.Release|x64.Build.0 = Release|x64
		{1A863D6C-55A7-4412-8141-1B124CD209BA}.Release|x64.Deploy.0 = Release|x64
		{1A863D6C-55A7-4412-8141-1B124CD209BA}.Release|x86.ActiveCfg = Release|x86
		{1A863D6C-55A7-4412-8141-1B124CD209BA}.Release|x86.Build.0 = Release|x86
		{1A863D6C-55A7-4412-8141-1B124CD209BA}.Release|x86.Deploy.0 = Release|x86
	EndGlobalSection
	GlobalSection(SolutionProperties) = preSolution
		HideSolutionNode = FALSE
	EndGlobalSection
	GlobalSection(ExtensibilityGlobals) = postSolution
		SolutionGuid = {944AF6E1-56B7-4529-9503-B0357AD7BE63}
	EndGlobalSection
EndGlobal
